version = 1
revision = 2
requires-python = ">=3.13"

[[package]]
name = "app"
version = "0.0.1"
source = { registry = "https://pypi.org/simple" }
sdist = { url = "https://files.pythonhosted.org/packages/76/11/f386fe5dedd254167f16cca77427eeb6ac0918e344ae881bcdec8057b3d5/app-0.0.1.zip", hash = "sha256:214549e746d777292d807eec7713c2cea332e08e037c923cd61ee1d5ab7a127f", size = 2160, upload-time = "2016-07-27T07:30:28.762Z" }

[[package]]
name = "diplom-project"
version = "0.1.0"
source = { virtual = "." }
dependencies = [
    { name = "app" },
]

[package.metadata]
requires-dist = [{ name = "app", specifier = ">=0.0.1" }]
